{
  "name": "testv",
  "version": "1.0.0",
  "lockfileVersion": 1,
  "requires": true,
  "dependencies": {
    "@firebase/app": {
      "version": "0.1.2",
      "resolved": "https://registry.npmjs.org/@firebase/app/-/app-0.1.2.tgz",
      "integrity": "sha512-H2moN0Dl5LJn1AiRsCvwJsfE7PLKYYYJc+WKqAta+qIB/ZzBAay8NTVBYHiqsteLHc7gXofoi8zEUrGjbmz4OQ==",
      "requires": {
        "@firebase/util": "0.1.2"
      }
    },
    "@firebase/auth": {
      "version": "0.2.1",
      "resolved": "https://registry.npmjs.org/@firebase/auth/-/auth-0.2.1.tgz",
      "integrity": "sha512-Nh+U+vVUZcPGxLkxQyC465iWj9IBipNZWrQnyHwQib6w66me0+A5IhpXJNHD6YMWk0EEUd6IyK4XGDbQR3SK+g=="
    },
    "@firebase/database": {
      "version": "0.1.3",
      "resolved": "https://registry.npmjs.org/@firebase/database/-/database-0.1.3.tgz",
      "integrity": "sha512-Uk9IRPYDmpDRBvnIZhs16iQX/7GxetslWD+7N6GKgEDmO9csPC+9hHmdXkcVc6cG7xHCePdRJGvhrVt3ax7Fcw==",
      "requires": {
        "@firebase/util": "0.1.2",
        "faye-websocket": "0.11.1"
      }
    },
    "@firebase/firestore": {
      "version": "0.1.3",
      "resolved": "https://registry.npmjs.org/@firebase/firestore/-/firestore-0.1.3.tgz",
      "integrity": "sha512-Ra2BuFJtLhcI3MoyuyuqbcNetBq1rRZFSJpPI5AaMqydkUYB3JbMolGvjHZDHNqi2cnO1phLw29m1Z8cNto/TA==",
      "requires": {
        "@firebase/webchannel-wrapper": "0.2.3"
      }
    },
    "@firebase/messaging": {
      "version": "0.1.3",
      "resolved": "https://registry.npmjs.org/@firebase/messaging/-/messaging-0.1.3.tgz",
      "integrity": "sha512-mQxG4y+wT7hCSsNzPGdFKjZ7/NLIdSJRYX59bLL3F0HMIuOlNtYXxKjN23vBGljwFufx3dQBtlX8beDBKbOv4Q==",
      "requires": {
        "@firebase/util": "0.1.2"
      }
    },
    "@firebase/polyfill": {
      "version": "0.1.2",
      "resolved": "https://registry.npmjs.org/@firebase/polyfill/-/polyfill-0.1.2.tgz",
      "integrity": "sha512-5oneu9nOYDZkZWyfvBXFa+ORWj9HeOYhwWy4HSJzCLKLnOvQSSZRcNBD2cVrysGR8tZCEfyKqq3fnwtODCvIQg==",
      "requires": {
        "promise-polyfill": "6.0.2"
      }
    },
    "@firebase/storage": {
      "version": "0.1.2",
      "resolved": "https://registry.npmjs.org/@firebase/storage/-/storage-0.1.2.tgz",
      "integrity": "sha512-Il1+R2BbFfhwq4H6OAF+hpxr5mAxoD3CK/i/78CiDATtKR5OU9kuQf7T3V3khMeFspK0H6r02Oe9gTbS2XhPkQ=="
    },
    "@firebase/util": {
      "version": "0.1.2",
      "resolved": "https://registry.npmjs.org/@firebase/util/-/util-0.1.2.tgz",
      "integrity": "sha512-XzvnxTsPIukAJmBVpBOGTLVgz27Iyoudmum6Bqy8Czu2qhWjikhkE1UlND7Gh5BwTpBVr03axjovRXgh5xgIxw=="
    },
    "@firebase/webchannel-wrapper": {
      "version": "0.2.3",
      "resolved": "https://registry.npmjs.org/@firebase/webchannel-wrapper/-/webchannel-wrapper-0.2.3.tgz",
      "integrity": "sha512-EWSvoDVXmUwP1nP65ob1gEGiJi38Pv1e9dmL1DHBcupmYdST1cbYper6N2EVnCkzMIm2/EfZiGSL1nf8V4uiKg=="
    },
    "balanced-match": {
      "version": "1.0.0",
      "resolved": "https://registry.npmjs.org/balanced-match/-/balanced-match-1.0.0.tgz",
      "integrity": "sha1-ibTRmasr7kneFk6gK4nORi1xt2c=",
      "dev": true
    },
    "brace-expansion": {
      "version": "1.1.8",
      "resolved": "https://registry.npmjs.org/brace-expansion/-/brace-expansion-1.1.8.tgz",
      "integrity": "sha1-wHshHHyVLsH479Uad+8NHTmQopI=",
      "dev": true,
      "requires": {
        "balanced-match": "1.0.0",
        "concat-map": "0.0.1"
      }
    },
    "concat-map": {
      "version": "0.0.1",
      "resolved": "https://registry.npmjs.org/concat-map/-/concat-map-0.0.1.tgz",
      "integrity": "sha1-2Klr13/Wjfd5OnMDajug1UBdR3s=",
      "dev": true
    },
    "dom-storage": {
      "version": "2.0.2",
      "resolved": "https://registry.npmjs.org/dom-storage/-/dom-storage-2.0.2.tgz",
      "integrity": "sha1-7RfL9oq9EOCu+BgnE+KXxeS1ALA="
    },
    "faye-websocket": {
      "version": "0.11.1",
      "resolved": "https://registry.npmjs.org/faye-websocket/-/faye-websocket-0.11.1.tgz",
      "integrity": "sha1-8O/hjE9W5PQK/H4Gxxn9XuYYjzg=",
      "requires": {
        "websocket-driver": "0.7.0"
      }
    },
    "firebase": {
      "version": "4.6.1",
      "resolved": "https://registry.npmjs.org/firebase/-/firebase-4.6.1.tgz",
      "integrity": "sha512-hHSSrrfGwcz52rxqRPljMArIXjKufAs4AiwCeygC+d3KaLMem2bJgD/LqY4paz9/mY4InLyMQlahCsvc7j1clQ==",
      "requires": {
        "@firebase/app": "0.1.2",
        "@firebase/auth": "0.2.1",
        "@firebase/database": "0.1.3",
        "@firebase/firestore": "0.1.3",
        "@firebase/messaging": "0.1.3",
        "@firebase/polyfill": "0.1.2",
        "@firebase/storage": "0.1.2",
        "dom-storage": "2.0.2",
        "xmlhttprequest": "1.8.0"
      }
    },
    "fs.realpath": {
      "version": "1.0.0",
      "resolved": "https://registry.npmjs.org/fs.realpath/-/fs.realpath-1.0.0.tgz",
      "integrity": "sha1-FQStJSMVjKpA20onh8sBQRmU6k8=",
      "dev": true
    },
    "glob": {
      "version": "7.1.2",
      "resolved": "https://registry.npmjs.org/glob/-/glob-7.1.2.tgz",
      "integrity": "sha512-MJTUg1kjuLeQCJ+ccE4Vpa6kKVXkPYJ2mOCQyUuKLcLQsdrMCpBPUi8qVE6+YuaJkozeA9NusTAw3hLr8Xe5EQ==",
      "dev": true,
      "requires": {
        "fs.realpath": "1.0.0",
        "inflight": "1.0.6",
        "inherits": "2.0.3",
        "minimatch": "3.0.4",
        "once": "1.4.0",
        "path-is-absolute": "1.0.1"
      }
    },
    "http-parser-js": {
      "version": "0.4.9",
      "resolved": "https://registry.npmjs.org/http-parser-js/-/http-parser-js-0.4.9.tgz",
      "integrity": "sha1-6hoE+2St/wJC6ZdPKX3Uw8rSceE="
    },
    "inflight": {
      "version": "1.0.6",
      "resolved": "https://registry.npmjs.org/inflight/-/inflight-1.0.6.tgz",
      "integrity": "sha1-Sb1jMdfQLQwJvJEKEHW6gWW1bfk=",
      "dev": true,
      "requires": {
        "once": "1.4.0",
        "wrappy": "1.0.2"
      }
    },
    "inherits": {
      "version": "2.0.3",
      "resolved": "https://registry.npmjs.org/inherits/-/inherits-2.0.3.tgz",
      "integrity": "sha1-Yzwsg+PaQqUC9SRmAiSA9CCCYd4=",
      "dev": true
    },
    "jquery": {
      "version": "3.2.1",
      "resolved": "https://registry.npmjs.org/jquery/-/jquery-3.2.1.tgz",
      "integrity": "sha1-XE2d5lKvbNCncBVKYxu6ErAVx4c="
    },
    "minimatch": {
      "version": "3.0.4",
      "resolved": "https://registry.npmjs.org/minimatch/-/minimatch-3.0.4.tgz",
      "integrity": "sha512-yJHVQEhyqPLUTgt9B83PXu6W3rx4MvvHvSUvToogpwoGDOUQ+yDrR0HRot+yOCdCO7u4hX3pWft6kWBBcqh0UA==",
      "dev": true,
      "requires": {
        "brace-expansion": "1.1.8"
      }
    },
    "once": {
      "version": "1.4.0",
      "resolved": "https://registry.npmjs.org/once/-/once-1.4.0.tgz",
      "integrity": "sha1-WDsap3WWHUsROsF9nFC6753Xa9E=",
      "dev": true,
      "requires": {
        "wrappy": "1.0.2"
      }
    },
    "path-is-absolute": {
      "version": "1.0.1",
      "resolved": "https://registry.npmjs.org/path-is-absolute/-/path-is-absolute-1.0.1.tgz",
      "integrity": "sha1-F0uSaHNVNP+8es5r9TpanhtcX18=",
      "dev": true
    },
    "promise-polyfill": {
      "version": "6.0.2",
      "resolved": "https://registry.npmjs.org/promise-polyfill/-/promise-polyfill-6.0.2.tgz",
      "integrity": "sha1-2chtPcTcLfkBboiUbe/Wm0m0EWI="
    },
    "rimraf": {
      "version": "2.6.2",
      "resolved": "https://registry.npmjs.org/rimraf/-/rimraf-2.6.2.tgz",
      "integrity": "sha512-lreewLK/BlghmxtfH36YYVg1i8IAce4TI7oao75I1g245+6BctqTVQiBP3YUJ9C6DQOXJmkYR9X9fCLtCOJc5w==",
      "dev": true,
      "requires": {
        "glob": "7.1.2"
      }
    },
    "semver": {
      "version": "5.4.1",
      "resolved": "https://registry.npmjs.org/semver/-/semver-5.4.1.tgz",
      "integrity": "sha512-WfG/X9+oATh81XtllIo/I8gOiY9EXRdv1cQdyykeXK17YcUW3EXUAi2To4pcH6nZtJPr7ZOpM5OMyWJZm+8Rsg==",
      "dev": true
    },
    "vuex": {
      "version": "3.0.1",
      "resolved": "https://registry.npmjs.org/vuex/-/vuex-3.0.1.tgz",
      "integrity": "sha512-wLoqz0B7DSZtgbWL1ShIBBCjv22GV5U+vcBFox658g6V0s4wZV9P4YjCNyoHSyIBpj1f29JBoNQIqD82cR4O3w=="
    },
    "websocket-driver": {
      "version": "0.7.0",
      "resolved": "https://registry.npmjs.org/websocket-driver/-/websocket-driver-0.7.0.tgz",
      "integrity": "sha1-DK+dLXVdk67gSdS90NP+LMoqJOs=",
      "requires": {
        "http-parser-js": "0.4.9",
        "websocket-extensions": "0.1.2"
      }
    },
    "websocket-extensions": {
      "version": "0.1.2",
      "resolved": "https://registry.npmjs.org/websocket-extensions/-/websocket-extensions-0.1.2.tgz",
      "integrity": "sha1-Dhh4HeYpoYMIzhSBZQ9n/6JpOl0="
    },
    "wrappy": {
      "version": "1.0.2",
      "resolved": "https://registry.npmjs.org/wrappy/-/wrappy-1.0.2.tgz",
      "integrity": "sha1-tSQ9jz7BqjXxNkYFvA0QNuMKtp8=",
      "dev": true
    },
    "xmlhttprequest": {
      "version": "1.8.0",
      "resolved": "https://registry.npmjs.org/xmlhttprequest/-/xmlhttprequest-1.8.0.tgz",
      "integrity": "sha1-Z/4HXFwk/vOfnWX197f+dRcZaPw="
    }
  }
}
